{
  "version": 4,
  "terraform_version": "1.5.2",
  "serial": 11,
  "lineage": "550d564e-3c7a-2111-636f-5a236ff3876b",
  "outputs": {},
  "resources": [
    {
      "module": "module.gitlab-runner-iam",
      "mode": "managed",
      "type": "aws_iam_instance_profile",
      "name": "gitlab_runner_instance_profile",
      "provider": "provider[\"registry.terraform.io/hashicorp/aws\"]",
      "instances": [
        {
          "schema_version": 0,
          "attributes": {
            "arn": "arn:aws:iam::078851451276:instance-profile/gitlab-runner-instance-profile",
            "create_date": "2023-08-26T05:22:12Z",
            "id": "gitlab-runner-instance-profile",
            "name": "gitlab-runner-instance-profile",
            "name_prefix": "",
            "path": "/",
            "role": "gitlab-runner-role",
            "tags": {},
            "tags_all": {},
            "unique_id": "AIPAREW7JVGGPUHG73KIZ"
          },
          "sensitive_attributes": [],
          "private": "bnVsbA==",
          "dependencies": [
            "module.gitlab-runner-iam.aws_iam_role.gitlab_runner_role"
          ]
        }
      ]
    },
    {
      "module": "module.gitlab-runner-iam",
      "mode": "managed",
      "type": "aws_iam_policy",
      "name": "gitlab_runner_iam_policy",
      "provider": "provider[\"registry.terraform.io/hashicorp/aws\"]",
      "instances": [
        {
          "schema_version": 0,
          "attributes": {
            "arn": "arn:aws:iam::078851451276:policy/gitlab-runner-policy",
            "description": "Allow GitLab Runner to push images to ECR",
            "id": "arn:aws:iam::078851451276:policy/gitlab-runner-policy",
            "name": "gitlab-runner-policy",
            "name_prefix": "",
            "path": "/",
            "policy": "{\"Statement\":[{\"Action\":[\"ecr:*\",\"ecr-public:*\",\"sts:GetServiceBearerToken\"],\"Effect\":\"Allow\",\"Resource\":\"*\"}],\"Version\":\"2012-10-17\"}",
            "policy_id": "ANPAREW7JVGGNHAQPJEDT",
            "tags": {},
            "tags_all": {}
          },
          "sensitive_attributes": [],
          "private": "bnVsbA=="
        }
      ]
    },
    {
      "module": "module.gitlab-runner-iam",
      "mode": "managed",
      "type": "aws_iam_policy_attachment",
      "name": "gitlab_runner_policy_attachment",
      "provider": "provider[\"registry.terraform.io/hashicorp/aws\"]",
      "instances": [
        {
          "schema_version": 0,
          "attributes": {
            "groups": [],
            "id": "Policy Attachement",
            "name": "Policy Attachement",
            "policy_arn": "arn:aws:iam::078851451276:policy/gitlab-runner-policy",
            "roles": [
              "gitlab-runner-role"
            ],
            "users": []
          },
          "sensitive_attributes": [],
          "private": "bnVsbA==",
          "dependencies": [
            "module.gitlab-runner-iam.aws_iam_policy.gitlab_runner_iam_policy",
            "module.gitlab-runner-iam.aws_iam_role.gitlab_runner_role"
          ]
        }
      ]
    },
    {
      "module": "module.gitlab-runner-iam",
      "mode": "managed",
      "type": "aws_iam_role",
      "name": "gitlab_runner_role",
      "provider": "provider[\"registry.terraform.io/hashicorp/aws\"]",
      "instances": [
        {
          "schema_version": 0,
          "attributes": {
            "arn": "arn:aws:iam::078851451276:role/gitlab-runner-role",
            "assume_role_policy": "{\"Statement\":[{\"Action\":\"sts:AssumeRole\",\"Effect\":\"Allow\",\"Principal\":{\"Service\":\"ec2.amazonaws.com\"}}],\"Version\":\"2012-10-17\"}",
            "create_date": "2023-08-26T05:22:09Z",
            "description": "",
            "force_detach_policies": false,
            "id": "gitlab-runner-role",
            "inline_policy": [],
            "managed_policy_arns": [
              "arn:aws:iam::078851451276:policy/gitlab-runner-policy"
            ],
            "max_session_duration": 3600,
            "name": "gitlab-runner-role",
            "name_prefix": "",
            "path": "/",
            "permissions_boundary": null,
            "tags": {},
            "tags_all": {},
            "unique_id": "AROAREW7JVGGEXWMNBX5Q"
          },
          "sensitive_attributes": [],
          "private": "bnVsbA=="
        }
      ]
    }
  ],
  "check_results": null
}
